// !$*UTF8*$!
{
	archiveVersion = 1;
	classes = {
	};
	objectVersion = 56;
	objects = {

/* Begin PBXBuildFile section */
		7190935D2A6BE3B00046E5AA /* FlightsQueryModel.swift in Sources */ = {isa = PBXBuildFile; fileRef = 7190935C2A6BE3B00046E5AA /* FlightsQueryModel.swift */; };
		7190935F2A6BF07E0046E5AA /* FlightsResponses.swift in Sources */ = {isa = PBXBuildFile; fileRef = 7190935E2A6BF07E0046E5AA /* FlightsResponses.swift */; };
		719093622A6BF7460046E5AA /* FlightOfferViewModel.swift in Sources */ = {isa = PBXBuildFile; fileRef = 719093612A6BF7460046E5AA /* FlightOfferViewModel.swift */; };
		71CBE68C2A6C015700A0196B /* FlightOfferView.swift in Sources */ = {isa = PBXBuildFile; fileRef = 71CBE68B2A6C015700A0196B /* FlightOfferView.swift */; };
		71CBE6902A6C1B4000A0196B /* LoadingView.swift in Sources */ = {isa = PBXBuildFile; fileRef = 71CBE68F2A6C1B4000A0196B /* LoadingView.swift */; };
		71CBE6922A6C1B7000A0196B /* ErrorView.swift in Sources */ = {isa = PBXBuildFile; fileRef = 71CBE6912A6C1B7000A0196B /* ErrorView.swift */; };
		71D0365B2A6BABD600043AE6 /* AssignmentAppApp.swift in Sources */ = {isa = PBXBuildFile; fileRef = 71D0365A2A6BABD600043AE6 /* AssignmentAppApp.swift */; };
		71D0365D2A6BABD600043AE6 /* FlightOffersView.swift in Sources */ = {isa = PBXBuildFile; fileRef = 71D0365C2A6BABD600043AE6 /* FlightOffersView.swift */; };
		71D0365F2A6BABD800043AE6 /* Assets.xcassets in Resources */ = {isa = PBXBuildFile; fileRef = 71D0365E2A6BABD800043AE6 /* Assets.xcassets */; };
		71D036632A6BABD800043AE6 /* Preview Assets.xcassets in Resources */ = {isa = PBXBuildFile; fileRef = 71D036622A6BABD800043AE6 /* Preview Assets.xcassets */; };
		71D0366A2A6BACCF00043AE6 /* ApiClient.swift in Sources */ = {isa = PBXBuildFile; fileRef = 71D036692A6BACCF00043AE6 /* ApiClient.swift */; };
		71D0366D2A6BC02D00043AE6 /* ApiQueryOperaton.swift in Sources */ = {isa = PBXBuildFile; fileRef = 71D0366C2A6BC02D00043AE6 /* ApiQueryOperaton.swift */; };
		71D036712A6BC13400043AE6 /* ApiClientError.swift in Sources */ = {isa = PBXBuildFile; fileRef = 71D036702A6BC13400043AE6 /* ApiClientError.swift */; };
		71D036732A6BC18600043AE6 /* PlacesResponse.swift in Sources */ = {isa = PBXBuildFile; fileRef = 71D036722A6BC18600043AE6 /* PlacesResponse.swift */; };
		71D036752A6BC25500043AE6 /* PlacesQueryModel.swift in Sources */ = {isa = PBXBuildFile; fileRef = 71D036742A6BC25500043AE6 /* PlacesQueryModel.swift */; };
		71D036772A6BC6D200043AE6 /* ApiResult.swift in Sources */ = {isa = PBXBuildFile; fileRef = 71D036762A6BC6D200043AE6 /* ApiResult.swift */; };
		71D0367B2A6BD42B00043AE6 /* FlightOffersViewModel.swift in Sources */ = {isa = PBXBuildFile; fileRef = 71D0367A2A6BD42B00043AE6 /* FlightOffersViewModel.swift */; };
		71D0367D2A6BD6CD00043AE6 /* ViewModelState.swift in Sources */ = {isa = PBXBuildFile; fileRef = 71D0367C2A6BD6CD00043AE6 /* ViewModelState.swift */; };
/* End PBXBuildFile section */

/* Begin PBXFileReference section */
		7190935C2A6BE3B00046E5AA /* FlightsQueryModel.swift */ = {isa = PBXFileReference; lastKnownFileType = sourcecode.swift; path = FlightsQueryModel.swift; sourceTree = "<group>"; };
		7190935E2A6BF07E0046E5AA /* FlightsResponses.swift */ = {isa = PBXFileReference; lastKnownFileType = sourcecode.swift; path = FlightsResponses.swift; sourceTree = "<group>"; };
		719093612A6BF7460046E5AA /* FlightOfferViewModel.swift */ = {isa = PBXFileReference; lastKnownFileType = sourcecode.swift; path = FlightOfferViewModel.swift; sourceTree = "<group>"; };
		71CBE68B2A6C015700A0196B /* FlightOfferView.swift */ = {isa = PBXFileReference; lastKnownFileType = sourcecode.swift; path = FlightOfferView.swift; sourceTree = "<group>"; };
		71CBE68F2A6C1B4000A0196B /* LoadingView.swift */ = {isa = PBXFileReference; lastKnownFileType = sourcecode.swift; path = LoadingView.swift; sourceTree = "<group>"; };
		71CBE6912A6C1B7000A0196B /* ErrorView.swift */ = {isa = PBXFileReference; lastKnownFileType = sourcecode.swift; path = ErrorView.swift; sourceTree = "<group>"; };
		71D036572A6BABD600043AE6 /* AssignmentApp.app */ = {isa = PBXFileReference; explicitFileType = wrapper.application; includeInIndex = 0; path = AssignmentApp.app; sourceTree = BUILT_PRODUCTS_DIR; };
		71D0365A2A6BABD600043AE6 /* AssignmentAppApp.swift */ = {isa = PBXFileReference; lastKnownFileType = sourcecode.swift; path = AssignmentAppApp.swift; sourceTree = "<group>"; };
		71D0365C2A6BABD600043AE6 /* FlightOffersView.swift */ = {isa = PBXFileReference; lastKnownFileType = sourcecode.swift; path = FlightOffersView.swift; sourceTree = "<group>"; };
		71D0365E2A6BABD800043AE6 /* Assets.xcassets */ = {isa = PBXFileReference; lastKnownFileType = folder.assetcatalog; path = Assets.xcassets; sourceTree = "<group>"; };
		71D036602A6BABD800043AE6 /* AssignmentApp.entitlements */ = {isa = PBXFileReference; lastKnownFileType = text.plist.entitlements; path = AssignmentApp.entitlements; sourceTree = "<group>"; };
		71D036622A6BABD800043AE6 /* Preview Assets.xcassets */ = {isa = PBXFileReference; lastKnownFileType = folder.assetcatalog; path = "Preview Assets.xcassets"; sourceTree = "<group>"; };
		71D036692A6BACCF00043AE6 /* ApiClient.swift */ = {isa = PBXFileReference; lastKnownFileType = sourcecode.swift; path = ApiClient.swift; sourceTree = "<group>"; };
		71D0366C2A6BC02D00043AE6 /* ApiQueryOperaton.swift */ = {isa = PBXFileReference; lastKnownFileType = sourcecode.swift; path = ApiQueryOperaton.swift; sourceTree = "<group>"; };
		71D036702A6BC13400043AE6 /* ApiClientError.swift */ = {isa = PBXFileReference; lastKnownFileType = sourcecode.swift; path = ApiClientError.swift; sourceTree = "<group>"; };
		71D036722A6BC18600043AE6 /* PlacesResponse.swift */ = {isa = PBXFileReference; lastKnownFileType = sourcecode.swift; path = PlacesResponse.swift; sourceTree = "<group>"; };
		71D036742A6BC25500043AE6 /* PlacesQueryModel.swift */ = {isa = PBXFileReference; lastKnownFileType = sourcecode.swift; path = PlacesQueryModel.swift; sourceTree = "<group>"; };
		71D036762A6BC6D200043AE6 /* ApiResult.swift */ = {isa = PBXFileReference; lastKnownFileType = sourcecode.swift; path = ApiResult.swift; sourceTree = "<group>"; };
		71D0367A2A6BD42B00043AE6 /* FlightOffersViewModel.swift */ = {isa = PBXFileReference; lastKnownFileType = sourcecode.swift; path = FlightOffersViewModel.swift; sourceTree = "<group>"; };
		71D0367C2A6BD6CD00043AE6 /* ViewModelState.swift */ = {isa = PBXFileReference; lastKnownFileType = sourcecode.swift; path = ViewModelState.swift; sourceTree = "<group>"; };
/* End PBXFileReference section */

/* Begin PBXFrameworksBuildPhase section */
		71D036542A6BABD600043AE6 /* Frameworks */ = {
			isa = PBXFrameworksBuildPhase;
			buildActionMask = 2147483647;
			files = (
			);
			runOnlyForDeploymentPostprocessing = 0;
		};
/* End PBXFrameworksBuildPhase section */

/* Begin PBXGroup section */
		719093602A6BF7280046E5AA /* FlightOffers */ = {
			isa = PBXGroup;
			children = (
				71D0365C2A6BABD600043AE6 /* FlightOffersView.swift */,
				71D0367A2A6BD42B00043AE6 /* FlightOffersViewModel.swift */,
			);
			path = FlightOffers;
			sourceTree = "<group>";
		};
		71CBE68D2A6C0CDB00A0196B /* FlightOffer */ = {
			isa = PBXGroup;
			children = (
				71CBE68B2A6C015700A0196B /* FlightOfferView.swift */,
				719093612A6BF7460046E5AA /* FlightOfferViewModel.swift */,
			);
			path = FlightOffer;
			sourceTree = "<group>";
		};
		71CBE68E2A6C1B2800A0196B /* Common */ = {
			isa = PBXGroup;
			children = (
				71CBE68F2A6C1B4000A0196B /* LoadingView.swift */,
				71CBE6912A6C1B7000A0196B /* ErrorView.swift */,
			);
			path = Common;
			sourceTree = "<group>";
		};
		71CBE6932A6CFA7A00A0196B /* Core */ = {
			isa = PBXGroup;
			children = (
				71D0366B2A6BC01200043AE6 /* Network */,
			);
			path = Core;
			sourceTree = "<group>";
		};
		71D0364E2A6BABD600043AE6 = {
			isa = PBXGroup;
			children = (
				71D036592A6BABD600043AE6 /* AssignmentApp */,
				71D036582A6BABD600043AE6 /* Products */,
			);
			sourceTree = "<group>";
		};
		71D036582A6BABD600043AE6 /* Products */ = {
			isa = PBXGroup;
			children = (
				71D036572A6BABD600043AE6 /* AssignmentApp.app */,
			);
			name = Products;
			sourceTree = "<group>";
		};
		71D036592A6BABD600043AE6 /* AssignmentApp */ = {
			isa = PBXGroup;
			children = (
				71D0365A2A6BABD600043AE6 /* AssignmentAppApp.swift */,
				71CBE6932A6CFA7A00A0196B /* Core */,
				71D036792A6BD41B00043AE6 /* UI */,
				71D0365E2A6BABD800043AE6 /* Assets.xcassets */,
				71D036602A6BABD800043AE6 /* AssignmentApp.entitlements */,
				71D036612A6BABD800043AE6 /* Preview Content */,
			);
			path = AssignmentApp;
			sourceTree = "<group>";
		};
		71D036612A6BABD800043AE6 /* Preview Content */ = {
			isa = PBXGroup;
			children = (
				71D036622A6BABD800043AE6 /* Preview Assets.xcassets */,
			);
			path = "Preview Content";
			sourceTree = "<group>";
		};
		71D0366B2A6BC01200043AE6 /* Network */ = {
			isa = PBXGroup;
			children = (
				71D036692A6BACCF00043AE6 /* ApiClient.swift */,
				71D0366C2A6BC02D00043AE6 /* ApiQueryOperaton.swift */,
				71D036702A6BC13400043AE6 /* ApiClientError.swift */,
				71D036762A6BC6D200043AE6 /* ApiResult.swift */,
				71D0366F2A6BC0E200043AE6 /* Responses */,
				71D0366E2A6BC0D300043AE6 /* QueryModels */,
			);
			path = Network;
			sourceTree = "<group>";
		};
		71D0366E2A6BC0D300043AE6 /* QueryModels */ = {
			isa = PBXGroup;
			children = (
				71D036742A6BC25500043AE6 /* PlacesQueryModel.swift */,
				7190935C2A6BE3B00046E5AA /* FlightsQueryModel.swift */,
			);
			path = QueryModels;
			sourceTree = "<group>";
		};
		71D0366F2A6BC0E200043AE6 /* Responses */ = {
			isa = PBXGroup;
			children = (
				71D036722A6BC18600043AE6 /* PlacesResponse.swift */,
				7190935E2A6BF07E0046E5AA /* FlightsResponses.swift */,
			);
			path = Responses;
			sourceTree = "<group>";
		};
		71D036792A6BD41B00043AE6 /* UI */ = {
			isa = PBXGroup;
			children = (
				71D0367C2A6BD6CD00043AE6 /* ViewModelState.swift */,
				71CBE68E2A6C1B2800A0196B /* Common */,
				71CBE68D2A6C0CDB00A0196B /* FlightOffer */,
				719093602A6BF7280046E5AA /* FlightOffers */,
			);
			path = UI;
			sourceTree = "<group>";
		};
/* End PBXGroup section */

/* Begin PBXNativeTarget section */
		71D036562A6BABD600043AE6 /* AssignmentApp */ = {
			isa = PBXNativeTarget;
			buildConfigurationList = 71D036662A6BABD800043AE6 /* Build configuration list for PBXNativeTarget "AssignmentApp" */;
			buildPhases = (
				71D036532A6BABD600043AE6 /* Sources */,
				71D036542A6BABD600043AE6 /* Frameworks */,
				71D036552A6BABD600043AE6 /* Resources */,
			);
			buildRules = (
			);
			dependencies = (
			);
			name = AssignmentApp;
			productName = AssignmentApp;
			productReference = 71D036572A6BABD600043AE6 /* AssignmentApp.app */;
			productType = "com.apple.product-type.application";
		};
/* End PBXNativeTarget section */

/* Begin PBXProject section */
		71D0364F2A6BABD600043AE6 /* Project object */ = {
			isa = PBXProject;
			attributes = {
				BuildIndependentTargetsInParallel = 1;
				LastSwiftUpdateCheck = 1430;
				LastUpgradeCheck = 1430;
				TargetAttributes = {
					71D036562A6BABD600043AE6 = {
						CreatedOnToolsVersion = 14.3.1;
					};
				};
			};
			buildConfigurationList = 71D036522A6BABD600043AE6 /* Build configuration list for PBXProject "AssignmentApp" */;
			compatibilityVersion = "Xcode 14.0";
			developmentRegion = en;
			hasScannedForEncodings = 0;
			knownRegions = (
				en,
				Base,
			);
			mainGroup = 71D0364E2A6BABD600043AE6;
			productRefGroup = 71D036582A6BABD600043AE6 /* Products */;
			projectDirPath = "";
			projectRoot = "";
			targets = (
				71D036562A6BABD600043AE6 /* AssignmentApp */,
			);
		};
/* End PBXProject section */

/* Begin PBXResourcesBuildPhase section */
		71D036552A6BABD600043AE6 /* Resources */ = {
			isa = PBXResourcesBuildPhase;
			buildActionMask = 2147483647;
			files = (
				71D036632A6BABD800043AE6 /* Preview Assets.xcassets in Resources */,
				71D0365F2A6BABD800043AE6 /* Assets.xcassets in Resources */,
			);
			runOnlyForDeploymentPostprocessing = 0;
		};
/* End PBXResourcesBuildPhase section */

/* Begin PBXSourcesBuildPhase section */
		71D036532A6BABD600043AE6 /* Sources */ = {
			isa = PBXSourcesBuildPhase;
			buildActionMask = 2147483647;
			files = (
				71D0367D2A6BD6CD00043AE6 /* ViewModelState.swift in Sources */,
				7190935D2A6BE3B00046E5AA /* FlightsQueryModel.swift in Sources */,
				71D036732A6BC18600043AE6 /* PlacesResponse.swift in Sources */,
				71D036712A6BC13400043AE6 /* ApiClientError.swift in Sources */,
				71D036752A6BC25500043AE6 /* PlacesQueryModel.swift in Sources */,
				71D0366D2A6BC02D00043AE6 /* ApiQueryOperaton.swift in Sources */,
				71D0365D2A6BABD600043AE6 /* FlightOffersView.swift in Sources */,
				71D0367B2A6BD42B00043AE6 /* FlightOffersViewModel.swift in Sources */,
				71CBE6902A6C1B4000A0196B /* LoadingView.swift in Sources */,
				7190935F2A6BF07E0046E5AA /* FlightsResponses.swift in Sources */,
				719093622A6BF7460046E5AA /* FlightOfferViewModel.swift in Sources */,
				71D036772A6BC6D200043AE6 /* ApiResult.swift in Sources */,
				71CBE68C2A6C015700A0196B /* FlightOfferView.swift in Sources */,
				71D0365B2A6BABD600043AE6 /* AssignmentAppApp.swift in Sources */,
				71D0366A2A6BACCF00043AE6 /* ApiClient.swift in Sources */,
				71CBE6922A6C1B7000A0196B /* ErrorView.swift in Sources */,
			);
			runOnlyForDeploymentPostprocessing = 0;
		};
/* End PBXSourcesBuildPhase section */

/* Begin XCBuildConfiguration section */
		71D036642A6BABD800043AE6 /* Debug */ = {
			isa = XCBuildConfiguration;
			buildSettings = {
				ALWAYS_SEARCH_USER_PATHS = NO;
				CLANG_ANALYZER_NONNULL = YES;
				CLANG_ANALYZER_NUMBER_OBJECT_CONVERSION = YES_AGGRESSIVE;
				CLANG_CXX_LANGUAGE_STANDARD = "gnu++20";
				CLANG_ENABLE_MODULES = YES;
				CLANG_ENABLE_OBJC_ARC = YES;
				CLANG_ENABLE_OBJC_WEAK = YES;
				CLANG_WARN_BLOCK_CAPTURE_AUTORELEASING = YES;
				CLANG_WARN_BOOL_CONVERSION = YES;
				CLANG_WARN_COMMA = YES;
				CLANG_WARN_CONSTANT_CONVERSION = YES;
				CLANG_WARN_DEPRECATED_OBJC_IMPLEMENTATIONS = YES;
				CLANG_WARN_DIRECT_OBJC_ISA_USAGE = YES_ERROR;
				CLANG_WARN_DOCUMENTATION_COMMENTS = YES;
				CLANG_WARN_EMPTY_BODY = YES;
				CLANG_WARN_ENUM_CONVERSION = YES;
				CLANG_WARN_INFINITE_RECURSION = YES;
				CLANG_WARN_INT_CONVERSION = YES;
				CLANG_WARN_NON_LITERAL_NULL_CONVERSION = YES;
				CLANG_WARN_OBJC_IMPLICIT_RETAIN_SELF = YES;
				CLANG_WARN_OBJC_LITERAL_CONVERSION = YES;
				CLANG_WARN_OBJC_ROOT_CLASS = YES_ERROR;
				CLANG_WARN_QUOTED_INCLUDE_IN_FRAMEWORK_HEADER = YES;
				CLANG_WARN_RANGE_LOOP_ANALYSIS = YES;
				CLANG_WARN_STRICT_PROTOTYPES = YES;
				CLANG_WARN_SUSPICIOUS_MOVE = YES;
				CLANG_WARN_UNGUARDED_AVAILABILITY = YES_AGGRESSIVE;
				CLANG_WARN_UNREACHABLE_CODE = YES;
				CLANG_WARN__DUPLICATE_METHOD_MATCH = YES;
				COPY_PHASE_STRIP = NO;
				DEBUG_INFORMATION_FORMAT = dwarf;
				ENABLE_STRICT_OBJC_MSGSEND = YES;
				ENABLE_TESTABILITY = YES;
				GCC_C_LANGUAGE_STANDARD = gnu11;
				GCC_DYNAMIC_NO_PIC = NO;
				GCC_NO_COMMON_BLOCKS = YES;
				GCC_OPTIMIZATION_LEVEL = 0;
				GCC_PREPROCESSOR_DEFINITIONS = (
					"DEBUG=1",
					"$(inherited)",
				);
				GCC_WARN_64_TO_32_BIT_CONVERSION = YES;
				GCC_WARN_ABOUT_RETURN_TYPE = YES_ERROR;
				GCC_WARN_UNDECLARED_SELECTOR = YES;
				GCC_WARN_UNINITIALIZED_AUTOS = YES_AGGRESSIVE;
				GCC_WARN_UNUSED_FUNCTION = YES;
				GCC_WARN_UNUSED_VARIABLE = YES;
				MTL_ENABLE_DEBUG_INFO = INCLUDE_SOURCE;
				MTL_FAST_MATH = YES;
				ONLY_ACTIVE_ARCH = YES;
				SWIFT_ACTIVE_COMPILATION_CONDITIONS = DEBUG;
				SWIFT_OPTIMIZATION_LEVEL = "-Onone";
			};
			name = Debug;
		};
		71D036652A6BABD800043AE6 /* Release */ = {
			isa = XCBuildConfiguration;
			buildSettings = {
				ALWAYS_SEARCH_USER_PATHS = NO;
				CLANG_ANALYZER_NONNULL = YES;
				CLANG_ANALYZER_NUMBER_OBJECT_CONVERSION = YES_AGGRESSIVE;
				CLANG_CXX_LANGUAGE_STANDARD = "gnu++20";
				CLANG_ENABLE_MODULES = YES;
				CLANG_ENABLE_OBJC_ARC = YES;
				CLANG_ENABLE_OBJC_WEAK = YES;
				CLANG_WARN_BLOCK_CAPTURE_AUTORELEASING = YES;
				CLANG_WARN_BOOL_CONVERSION = YES;
				CLANG_WARN_COMMA = YES;
				CLANG_WARN_CONSTANT_CONVERSION = YES;
				CLANG_WARN_DEPRECATED_OBJC_IMPLEMENTATIONS = YES;
				CLANG_WARN_DIRECT_OBJC_ISA_USAGE = YES_ERROR;
				CLANG_WARN_DOCUMENTATION_COMMENTS = YES;
				CLANG_WARN_EMPTY_BODY = YES;
				CLANG_WARN_ENUM_CONVERSION = YES;
				CLANG_WARN_INFINITE_RECURSION = YES;
				CLANG_WARN_INT_CONVERSION = YES;
				CLANG_WARN_NON_LITERAL_NULL_CONVERSION = YES;
				CLANG_WARN_OBJC_IMPLICIT_RETAIN_SELF = YES;
				CLANG_WARN_OBJC_LITERAL_CONVERSION = YES;
				CLANG_WARN_OBJC_ROOT_CLASS = YES_ERROR;
				CLANG_WARN_QUOTED_INCLUDE_IN_FRAMEWORK_HEADER = YES;
				CLANG_WARN_RANGE_LOOP_ANALYSIS = YES;
				CLANG_WARN_STRICT_PROTOTYPES = YES;
				CLANG_WARN_SUSPICIOUS_MOVE = YES;
				CLANG_WARN_UNGUARDED_AVAILABILITY = YES_AGGRESSIVE;
				CLANG_WARN_UNREACHABLE_CODE = YES;
				CLANG_WARN__DUPLICATE_METHOD_MATCH = YES;
				COPY_PHASE_STRIP = NO;
				DEBUG_INFORMATION_FORMAT = "dwarf-with-dsym";
				ENABLE_NS_ASSERTIONS = NO;
				ENABLE_STRICT_OBJC_MSGSEND = YES;
				GCC_C_LANGUAGE_STANDARD = gnu11;
				GCC_NO_COMMON_BLOCKS = YES;
				GCC_WARN_64_TO_32_BIT_CONVERSION = YES;
				GCC_WARN_ABOUT_RETURN_TYPE = YES_ERROR;
				GCC_WARN_UNDECLARED_SELECTOR = YES;
				GCC_WARN_UNINITIALIZED_AUTOS = YES_AGGRESSIVE;
				GCC_WARN_UNUSED_FUNCTION = YES;
				GCC_WARN_UNUSED_VARIABLE = YES;
				MTL_ENABLE_DEBUG_INFO = NO;
				MTL_FAST_MATH = YES;
				SWIFT_COMPILATION_MODE = wholemodule;
				SWIFT_OPTIMIZATION_LEVEL = "-O";
			};
			name = Release;
		};
		71D036672A6BABD800043AE6 /* Debug */ = {
			isa = XCBuildConfiguration;
			buildSettings = {
				ASSETCATALOG_COMPILER_APPICON_NAME = AppIcon;
				ASSETCATALOG_COMPILER_GLOBAL_ACCENT_COLOR_NAME = AccentColor;
				CODE_SIGN_ENTITLEMENTS = AssignmentApp/AssignmentApp.entitlements;
				CODE_SIGN_STYLE = Automatic;
				CURRENT_PROJECT_VERSION = 1;
				DEVELOPMENT_ASSET_PATHS = "\"AssignmentApp/Preview Content\"";
				ENABLE_PREVIEWS = YES;
				GENERATE_INFOPLIST_FILE = YES;
				"INFOPLIST_KEY_UIApplicationSceneManifest_Generation[sdk=iphoneos*]" = YES;
				"INFOPLIST_KEY_UIApplicationSceneManifest_Generation[sdk=iphonesimulator*]" = YES;
				"INFOPLIST_KEY_UIApplicationSupportsIndirectInputEvents[sdk=iphoneos*]" = YES;
				"INFOPLIST_KEY_UIApplicationSupportsIndirectInputEvents[sdk=iphonesimulator*]" = YES;
				"INFOPLIST_KEY_UILaunchScreen_Generation[sdk=iphoneos*]" = YES;
				"INFOPLIST_KEY_UILaunchScreen_Generation[sdk=iphonesimulator*]" = YES;
				"INFOPLIST_KEY_UIStatusBarStyle[sdk=iphoneos*]" = UIStatusBarStyleDefault;
				"INFOPLIST_KEY_UIStatusBarStyle[sdk=iphonesimulator*]" = UIStatusBarStyleDefault;
				INFOPLIST_KEY_UISupportedInterfaceOrientations = UIInterfaceOrientationPortrait;
				INFOPLIST_KEY_UISupportedInterfaceOrientations_iPad = "UIInterfaceOrientationLandscapeLeft UIInterfaceOrientationLandscapeRight UIInterfaceOrientationPortrait UIInterfaceOrientationPortraitUpsideDown";
				IPHONEOS_DEPLOYMENT_TARGET = 16.4;
				LD_RUNPATH_SEARCH_PATHS = "@executable_path/Frameworks";
				"LD_RUNPATH_SEARCH_PATHS[sdk=macosx*]" = "@executable_path/../Frameworks";
				MACOSX_DEPLOYMENT_TARGET = 13.3;
				MARKETING_VERSION = 1.0;
				PRODUCT_BUNDLE_IDENTIFIER = com.Roman.Bozhchenko.AssignmentApp;
				PRODUCT_NAME = "$(TARGET_NAME)";
				SDKROOT = auto;
				SUPPORTED_PLATFORMS = "iphoneos iphonesimulator macosx";
				SWIFT_EMIT_LOC_STRINGS = YES;
				SWIFT_VERSION = 5.0;
				TARGETED_DEVICE_FAMILY = "1,2";
			};
			name = Debug;
		};
		71D036682A6BABD800043AE6 /* Release */ = {
			isa = XCBuildConfiguration;
			buildSettings = {
				ASSETCATALOG_COMPILER_APPICON_NAME = AppIcon;
				ASSETCATALOG_COMPILER_GLOBAL_ACCENT_COLOR_NAME = AccentColor;
				CODE_SIGN_ENTITLEMENTS = AssignmentApp/AssignmentApp.entitlements;
				CODE_SIGN_STYLE = Automatic;
				CURRENT_PROJECT_VERSION = 1;
				DEVELOPMENT_ASSET_PATHS = "\"AssignmentApp/Preview Content\"";
				ENABLE_PREVIEWS = YES;
				GENERATE_INFOPLIST_FILE = YES;
				"INFOPLIST_KEY_UIApplicationSceneManifest_Generation[sdk=iphoneos*]" = YES;
				"INFOPLIST_KEY_UIApplicationSceneManifest_Generation[sdk=iphonesimulator*]" = YES;
				"INFOPLIST_KEY_UIApplicationSupportsIndirectInputEvents[sdk=iphoneos*]" = YES;
				"INFOPLIST_KEY_UIApplicationSupportsIndirectInputEvents[sdk=iphonesimulator*]" = YES;
				"INFOPLIST_KEY_UILaunchScreen_Generation[sdk=iphoneos*]" = YES;
				"INFOPLIST_KEY_UILaunchScreen_Generation[sdk=iphonesimulator*]" = YES;
				"INFOPLIST_KEY_UIStatusBarStyle[sdk=iphoneos*]" = UIStatusBarStyleDefault;
				"INFOPLIST_KEY_UIStatusBarStyle[sdk=iphonesimulator*]" = UIStatusBarStyleDefault;
				INFOPLIST_KEY_UISupportedInterfaceOrientations = UIInterfaceOrientationPortrait;
				INFOPLIST_KEY_UISupportedInterfaceOrientations_iPad = "UIInterfaceOrientationLandscapeLeft UIInterfaceOrientationLandscapeRight UIInterfaceOrientationPortrait UIInterfaceOrientationPortraitUpsideDown";
				IPHONEOS_DEPLOYMENT_TARGET = 16.4;
				LD_RUNPATH_SEARCH_PATHS = "@executable_path/Frameworks";
				"LD_RUNPATH_SEARCH_PATHS[sdk=macosx*]" = "@executable_path/../Frameworks";
				MACOSX_DEPLOYMENT_TARGET = 13.3;
				MARKETING_VERSION = 1.0;
				PRODUCT_BUNDLE_IDENTIFIER = com.Roman.Bozhchenko.AssignmentApp;
				PRODUCT_NAME = "$(TARGET_NAME)";
				SDKROOT = auto;
				SUPPORTED_PLATFORMS = "iphoneos iphonesimulator macosx";
				SWIFT_EMIT_LOC_STRINGS = YES;
				SWIFT_VERSION = 5.0;
				TARGETED_DEVICE_FAMILY = "1,2";
			};
			name = Release;
		};
/* End XCBuildConfiguration section */

/* Begin XCConfigurationList section */
		71D036522A6BABD600043AE6 /* Build configuration list for PBXProject "AssignmentApp" */ = {
			isa = XCConfigurationList;
			buildConfigurations = (
				71D036642A6BABD800043AE6 /* Debug */,
				71D036652A6BABD800043AE6 /* Release */,
			);
			defaultConfigurationIsVisible = 0;
			defaultConfigurationName = Release;
		};
		71D036662A6BABD800043AE6 /* Build configuration list for PBXNativeTarget "AssignmentApp" */ = {
			isa = XCConfigurationList;
			buildConfigurations = (
				71D036672A6BABD800043AE6 /* Debug */,
				71D036682A6BABD800043AE6 /* Release */,
			);
			defaultConfigurationIsVisible = 0;
			defaultConfigurationName = Release;
		};
/* End XCConfigurationList section */
	};
	rootObject = 71D0364F2A6BABD600043AE6 /* Project object */;
}
